
Microsoft Visual Studio Solution File, Format Version 12.00
# Visual Studio Version 17
VisualStudioVersion = 17.4.33213.308
MinimumVisualStudioVersion = 10.0.40219.1
Project("{FAE04EC0-301F-11D3-BF4B-00C04F79EFBC}") = "Miliboo", "Miliboo\Miliboo.csproj", "{9599710B-094F-4009-B0B6-CF797B278DD1}"
EndProject
Project("{FAE04EC0-301F-11D3-BF4B-00C04F79EFBC}") = "MilibooTests", "MilibooTests\MilibooTests.csproj", "{2655E9DF-E7F3-40EE-A033-D81DB00FEB43}"
EndProject
Global
	GlobalSection(SolutionConfigurationPlatforms) = preSolution
		Debug|Any CPU = Debug|Any CPU
		Release|Any CPU = Release|Any CPU
	EndGlobalSection
	GlobalSection(ProjectConfigurationPlatforms) = postSolution
		{9599710B-094F-4009-B0B6-CF797B278DD1}.Debug|Any CPU.ActiveCfg = Debug|Any CPU
		{9599710B-094F-4009-B0B6-CF797B278DD1}.Debug|Any CPU.Build.0 = Debug|Any CPU
		{9599710B-094F-4009-B0B6-CF797B278DD1}.Release|Any CPU.ActiveCfg = Release|Any CPU
		{9599710B-094F-4009-B0B6-CF797B278DD1}.Release|Any CPU.Build.0 = Release|Any CPU
		{2655E9DF-E7F3-40EE-A033-D81DB00FEB43}.Debug|Any CPU.ActiveCfg = Debug|Any CPU
		{2655E9DF-E7F3-40EE-A033-D81DB00FEB43}.Debug|Any CPU.Build.0 = Debug|Any CPU
		{2655E9DF-E7F3-40EE-A033-D81DB00FEB43}.Release|Any CPU.ActiveCfg = Release|Any CPU
		{2655E9DF-E7F3-40EE-A033-D81DB00FEB43}.Release|Any CPU.Build.0 = Release|Any CPU
	EndGlobalSection
	GlobalSection(SolutionProperties) = preSolution
		HideSolutionNode = FALSE
	EndGlobalSection
	GlobalSection(ExtensibilityGlobals) = postSolution
		SolutionGuid = {4173DFD0-78AA-4A71-ACD4-C5092DB42E4D}
	EndGlobalSection
EndGlobal
